
Microsoft Visual Studio Solution File, Format Version 12.00
# Visual Studio Version 16
VisualStudioVersion = 16.0.31424.327
MinimumVisualStudioVersion = 10.0.40219.1
Project("{9A19103F-16F7-4668-BE54-9A1E7A4F7556}") = "Saga", "src\Saga\Saga.csproj", "{FE802114-ED18-46F7-9C5D-DF0F26362F31}"
EndProject
Project("{2150E333-8FDC-42A3-9474-1A3956D46DE8}") = "src", "src", "{BF23C9BF-7EA6-4C5B-818A-E889EAD98A40}"
EndProject
Project("{2150E333-8FDC-42A3-9474-1A3956D46DE8}") = "sample", "sample", "{2CE90C41-54D0-4687-92DA-116889446249}"
EndProject
Project("{9A19103F-16F7-4668-BE54-9A1E7A4F7556}") = "GoodsService", "sample\GoodsService\GoodsService.csproj", "{3BFDFAE5-557F-4B55-B817-D217402E20FB}"
EndProject
Project("{9A19103F-16F7-4668-BE54-9A1E7A4F7556}") = "OrderService", "sample\OrderService\OrderService.csproj", "{03E377C4-9FCF-4773-B9D2-69456BFA5787}"
EndProject
Project("{9A19103F-16F7-4668-BE54-9A1E7A4F7556}") = "AccountService", "sample\AccountService\AccountService.csproj", "{45CD1F7A-55FE-4109-A285-4B3B92F70C37}"
EndProject
Project("{9A19103F-16F7-4668-BE54-9A1E7A4F7556}") = "IProcessManager", "sample\IProcessManager\IProcessManager.csproj", "{CE288B03-186C-46D8-8C09-F76432964916}"
EndProject
Project("{9A19103F-16F7-4668-BE54-9A1E7A4F7556}") = "Saga.PubSub.Rabbitmq", "src\Saga.PubSub.Rabbitmq\Saga.PubSub.Rabbitmq.csproj", "{25B6EB0E-F585-4145-BF17-BE0DD181C8FA}"
EndProject
Project("{9A19103F-16F7-4668-BE54-9A1E7A4F7556}") = "Saga.Store.Redis", "src\Saga.Store.Redis\Saga.Store.Redis.csproj", "{A388DA81-BA3E-4750-AD54-6D279C6053D1}"
EndProject
Project("{9A19103F-16F7-4668-BE54-9A1E7A4F7556}") = "Saga.PubSub.Dapr", "src\Saga.PubSub.Dapr\Saga.PubSub.Dapr.csproj", "{34A2C96F-5D4A-4588-A469-BEFCB8DDDEE5}"
EndProject
Project("{FAE04EC0-301F-11D3-BF4B-00C04F79EFBC}") = "Saga.Store.Dapr", "src\Saga.Store.Dapr\Saga.Store.Dapr.csproj", "{062948A3-27B3-4E2B-AA74-2A5E97EBDFC3}"
EndProject
Global
	GlobalSection(SolutionConfigurationPlatforms) = preSolution
		Debug|Any CPU = Debug|Any CPU
		Release|Any CPU = Release|Any CPU
	EndGlobalSection
	GlobalSection(ProjectConfigurationPlatforms) = postSolution
		{FE802114-ED18-46F7-9C5D-DF0F26362F31}.Debug|Any CPU.ActiveCfg = Debug|Any CPU
		{FE802114-ED18-46F7-9C5D-DF0F26362F31}.Debug|Any CPU.Build.0 = Debug|Any CPU
		{FE802114-ED18-46F7-9C5D-DF0F26362F31}.Release|Any CPU.ActiveCfg = Release|Any CPU
		{FE802114-ED18-46F7-9C5D-DF0F26362F31}.Release|Any CPU.Build.0 = Release|Any CPU
		{3BFDFAE5-557F-4B55-B817-D217402E20FB}.Debug|Any CPU.ActiveCfg = Debug|Any CPU
		{3BFDFAE5-557F-4B55-B817-D217402E20FB}.Debug|Any CPU.Build.0 = Debug|Any CPU
		{3BFDFAE5-557F-4B55-B817-D217402E20FB}.Release|Any CPU.ActiveCfg = Release|Any CPU
		{3BFDFAE5-557F-4B55-B817-D217402E20FB}.Release|Any CPU.Build.0 = Release|Any CPU
		{03E377C4-9FCF-4773-B9D2-69456BFA5787}.Debug|Any CPU.ActiveCfg = Debug|Any CPU
		{03E377C4-9FCF-4773-B9D2-69456BFA5787}.Debug|Any CPU.Build.0 = Debug|Any CPU
		{03E377C4-9FCF-4773-B9D2-69456BFA5787}.Release|Any CPU.ActiveCfg = Release|Any CPU
		{03E377C4-9FCF-4773-B9D2-69456BFA5787}.Release|Any CPU.Build.0 = Release|Any CPU
		{45CD1F7A-55FE-4109-A285-4B3B92F70C37}.Debug|Any CPU.ActiveCfg = Debug|Any CPU
		{45CD1F7A-55FE-4109-A285-4B3B92F70C37}.Debug|Any CPU.Build.0 = Debug|Any CPU
		{45CD1F7A-55FE-4109-A285-4B3B92F70C37}.Release|Any CPU.ActiveCfg = Release|Any CPU
		{45CD1F7A-55FE-4109-A285-4B3B92F70C37}.Release|Any CPU.Build.0 = Release|Any CPU
		{CE288B03-186C-46D8-8C09-F76432964916}.Debug|Any CPU.ActiveCfg = Debug|Any CPU
		{CE288B03-186C-46D8-8C09-F76432964916}.Debug|Any CPU.Build.0 = Debug|Any CPU
		{CE288B03-186C-46D8-8C09-F76432964916}.Release|Any CPU.ActiveCfg = Release|Any CPU
		{CE288B03-186C-46D8-8C09-F76432964916}.Release|Any CPU.Build.0 = Release|Any CPU
		{25B6EB0E-F585-4145-BF17-BE0DD181C8FA}.Debug|Any CPU.ActiveCfg = Debug|Any CPU
		{25B6EB0E-F585-4145-BF17-BE0DD181C8FA}.Debug|Any CPU.Build.0 = Debug|Any CPU
		{25B6EB0E-F585-4145-BF17-BE0DD181C8FA}.Release|Any CPU.ActiveCfg = Release|Any CPU
		{25B6EB0E-F585-4145-BF17-BE0DD181C8FA}.Release|Any CPU.Build.0 = Release|Any CPU
		{A388DA81-BA3E-4750-AD54-6D279C6053D1}.Debug|Any CPU.ActiveCfg = Debug|Any CPU
		{A388DA81-BA3E-4750-AD54-6D279C6053D1}.Debug|Any CPU.Build.0 = Debug|Any CPU
		{A388DA81-BA3E-4750-AD54-6D279C6053D1}.Release|Any CPU.ActiveCfg = Release|Any CPU
		{A388DA81-BA3E-4750-AD54-6D279C6053D1}.Release|Any CPU.Build.0 = Release|Any CPU
		{34A2C96F-5D4A-4588-A469-BEFCB8DDDEE5}.Debug|Any CPU.ActiveCfg = Debug|Any CPU
		{34A2C96F-5D4A-4588-A469-BEFCB8DDDEE5}.Debug|Any CPU.Build.0 = Debug|Any CPU
		{34A2C96F-5D4A-4588-A469-BEFCB8DDDEE5}.Release|Any CPU.ActiveCfg = Release|Any CPU
		{34A2C96F-5D4A-4588-A469-BEFCB8DDDEE5}.Release|Any CPU.Build.0 = Release|Any CPU
		{062948A3-27B3-4E2B-AA74-2A5E97EBDFC3}.Debug|Any CPU.ActiveCfg = Debug|Any CPU
		{062948A3-27B3-4E2B-AA74-2A5E97EBDFC3}.Debug|Any CPU.Build.0 = Debug|Any CPU
		{062948A3-27B3-4E2B-AA74-2A5E97EBDFC3}.Release|Any CPU.ActiveCfg = Release|Any CPU
		{062948A3-27B3-4E2B-AA74-2A5E97EBDFC3}.Release|Any CPU.Build.0 = Release|Any CPU
	EndGlobalSection
	GlobalSection(SolutionProperties) = preSolution
		HideSolutionNode = FALSE
	EndGlobalSection
	GlobalSection(NestedProjects) = preSolution
		{FE802114-ED18-46F7-9C5D-DF0F26362F31} = {BF23C9BF-7EA6-4C5B-818A-E889EAD98A40}
		{3BFDFAE5-557F-4B55-B817-D217402E20FB} = {2CE90C41-54D0-4687-92DA-116889446249}
		{03E377C4-9FCF-4773-B9D2-69456BFA5787} = {2CE90C41-54D0-4687-92DA-116889446249}
		{45CD1F7A-55FE-4109-A285-4B3B92F70C37} = {2CE90C41-54D0-4687-92DA-116889446249}
		{CE288B03-186C-46D8-8C09-F76432964916} = {2CE90C41-54D0-4687-92DA-116889446249}
		{25B6EB0E-F585-4145-BF17-BE0DD181C8FA} = {BF23C9BF-7EA6-4C5B-818A-E889EAD98A40}
		{A388DA81-BA3E-4750-AD54-6D279C6053D1} = {BF23C9BF-7EA6-4C5B-818A-E889EAD98A40}
		{34A2C96F-5D4A-4588-A469-BEFCB8DDDEE5} = {BF23C9BF-7EA6-4C5B-818A-E889EAD98A40}
		{062948A3-27B3-4E2B-AA74-2A5E97EBDFC3} = {BF23C9BF-7EA6-4C5B-818A-E889EAD98A40}
	EndGlobalSection
	GlobalSection(ExtensibilityGlobals) = postSolution
		SolutionGuid = {299B8F9F-BA59-4717-B204-C750C3E38F7E}
	EndGlobalSection
EndGlobal
